
Microsoft Visual Studio Solution File, Format Version 12.00
# Visual Studio Version 16
VisualStudioVersion = 16.0.29806.167
MinimumVisualStudioVersion = 10.0.40219.1
Project("{9A19103F-16F7-4668-BE54-9A1E7A4F7556}") = "MqttBridge", "src\MqttBridge\MqttBridge.csproj", "{E45B80B4-193B-4816-BD5A-37C18025BD62}"
EndProject
Project("{9A19103F-16F7-4668-BE54-9A1E7A4F7556}") = "SetupCreator", "src\SetupCreator\SetupCreator.csproj", "{90E22CB7-0B5F-4D43-AD2D-CADB483198CD}"
EndProject
Project("{9A19103F-16F7-4668-BE54-9A1E7A4F7556}") = "CtrlConnection", "src\CtrlConnection\CtrlConnection.csproj", "{70CC440B-0BA6-46B5-88AE-E7F676FCCA67}"
EndProject
Project("{FAE04EC0-301F-11D3-BF4B-00C04F79EFBC}") = "Siemens.Sinumerik.Operate.Services.Stub", "src\Siemens.Sinumerik.Operate.Services.Stub\Siemens.Sinumerik.Operate.Services.Stub.csproj", "{4A6C6A9E-0906-4C11-9510-7DBF14673CBF}"
EndProject
Global
	GlobalSection(SolutionConfigurationPlatforms) = preSolution
		CreateSetup|x86 = CreateSetup|x86
		Debug|x86 = Debug|x86
		Release|Any CPU = Release|Any CPU
		Release|x86 = Release|x86
	EndGlobalSection
	GlobalSection(ProjectConfigurationPlatforms) = postSolution
	EndGlobalSection
	GlobalSection(SolutionProperties) = preSolution
		HideSolutionNode = FALSE
	EndGlobalSection
	GlobalSection(ExtensibilityGlobals) = postSolution
		SolutionGuid = {74ECDBD9-CD0E-43D7-82DA-8616B36B8334}
	EndGlobalSection
EndGlobal
