
Microsoft Visual Studio Solution File, Format Version 12.00
# Visual Studio Version 16
VisualStudioVersion = 16.0.29806.167
MinimumVisualStudioVersion = 10.0.40219.1
Project("{FAE04EC0-301F-11D3-BF4B-00C04F79EFBC}") = "MqttBridge", "MqttBridge.csproj", "{E45B80B4-193B-4816-BD5A-37C18025BD62}"
EndProject
Project("{FAE04EC0-301F-11D3-BF4B-00C04F79EFBC}") = "SetupCreator", "SetupCreator\SetupCreator.csproj", "{90E22CB7-0B5F-4D43-AD2D-CADB483198CD}"
EndProject
Global
	GlobalSection(SolutionConfigurationPlatforms) = preSolution
		CreateSetup|Any CPU = CreateSetup|Any CPU
		CreateSetup|x86 = CreateSetup|x86
		Debug|Any CPU = Debug|Any CPU
		Debug|x86 = Debug|x86
		DebugLocal|Any CPU = DebugLocal|Any CPU
		DebugLocal|x86 = DebugLocal|x86
		Release|Any CPU = Release|Any CPU
		Release|x86 = Release|x86
	EndGlobalSection
	GlobalSection(ProjectConfigurationPlatforms) = postSolution
		{E45B80B4-193B-4816-BD5A-37C18025BD62}.CreateSetup|Any CPU.ActiveCfg = CreateSetup|Any CPU
		{E45B80B4-193B-4816-BD5A-37C18025BD62}.CreateSetup|Any CPU.Build.0 = CreateSetup|Any CPU
		{E45B80B4-193B-4816-BD5A-37C18025BD62}.CreateSetup|x86.ActiveCfg = CreateSetup|x86
		{E45B80B4-193B-4816-BD5A-37C18025BD62}.CreateSetup|x86.Build.0 = CreateSetup|x86
		{E45B80B4-193B-4816-BD5A-37C18025BD62}.Debug|Any CPU.ActiveCfg = Debug|Any CPU
		{E45B80B4-193B-4816-BD5A-37C18025BD62}.Debug|Any CPU.Build.0 = Debug|Any CPU
		{E45B80B4-193B-4816-BD5A-37C18025BD62}.Debug|x86.ActiveCfg = Debug|x86
		{E45B80B4-193B-4816-BD5A-37C18025BD62}.Debug|x86.Build.0 = Debug|x86
		{E45B80B4-193B-4816-BD5A-37C18025BD62}.DebugLocal|Any CPU.ActiveCfg = DebugLocal|Any CPU
		{E45B80B4-193B-4816-BD5A-37C18025BD62}.DebugLocal|Any CPU.Build.0 = DebugLocal|Any CPU
		{E45B80B4-193B-4816-BD5A-37C18025BD62}.DebugLocal|x86.ActiveCfg = DebugLocal|x86
		{E45B80B4-193B-4816-BD5A-37C18025BD62}.DebugLocal|x86.Build.0 = DebugLocal|x86
		{E45B80B4-193B-4816-BD5A-37C18025BD62}.Release|Any CPU.ActiveCfg = Release|Any CPU
		{E45B80B4-193B-4816-BD5A-37C18025BD62}.Release|Any CPU.Build.0 = Release|Any CPU
		{E45B80B4-193B-4816-BD5A-37C18025BD62}.Release|x86.ActiveCfg = Release|x86
		{E45B80B4-193B-4816-BD5A-37C18025BD62}.Release|x86.Build.0 = Release|x86
		{90E22CB7-0B5F-4D43-AD2D-CADB483198CD}.CreateSetup|Any CPU.ActiveCfg = CreateSetup|Any CPU
		{90E22CB7-0B5F-4D43-AD2D-CADB483198CD}.CreateSetup|Any CPU.Build.0 = CreateSetup|Any CPU
		{90E22CB7-0B5F-4D43-AD2D-CADB483198CD}.CreateSetup|x86.ActiveCfg = CreateSetup|Any CPU
		{90E22CB7-0B5F-4D43-AD2D-CADB483198CD}.CreateSetup|x86.Build.0 = CreateSetup|Any CPU
		{90E22CB7-0B5F-4D43-AD2D-CADB483198CD}.Debug|Any CPU.ActiveCfg = Debug|Any CPU
		{90E22CB7-0B5F-4D43-AD2D-CADB483198CD}.Debug|Any CPU.Build.0 = Debug|Any CPU
		{90E22CB7-0B5F-4D43-AD2D-CADB483198CD}.Debug|x86.ActiveCfg = Debug|Any CPU
		{90E22CB7-0B5F-4D43-AD2D-CADB483198CD}.Debug|x86.Build.0 = Debug|Any CPU
		{90E22CB7-0B5F-4D43-AD2D-CADB483198CD}.DebugLocal|Any CPU.ActiveCfg = Debug|Any CPU
		{90E22CB7-0B5F-4D43-AD2D-CADB483198CD}.DebugLocal|Any CPU.Build.0 = Debug|Any CPU
		{90E22CB7-0B5F-4D43-AD2D-CADB483198CD}.DebugLocal|x86.ActiveCfg = Debug|Any CPU
		{90E22CB7-0B5F-4D43-AD2D-CADB483198CD}.DebugLocal|x86.Build.0 = Debug|Any CPU
		{90E22CB7-0B5F-4D43-AD2D-CADB483198CD}.Release|Any CPU.ActiveCfg = Release|Any CPU
		{90E22CB7-0B5F-4D43-AD2D-CADB483198CD}.Release|Any CPU.Build.0 = Release|Any CPU
		{90E22CB7-0B5F-4D43-AD2D-CADB483198CD}.Release|x86.ActiveCfg = Release|Any CPU
		{90E22CB7-0B5F-4D43-AD2D-CADB483198CD}.Release|x86.Build.0 = Release|Any CPU
	EndGlobalSection
	GlobalSection(SolutionProperties) = preSolution
		HideSolutionNode = FALSE
	EndGlobalSection
	GlobalSection(ExtensibilityGlobals) = postSolution
		SolutionGuid = {74ECDBD9-CD0E-43D7-82DA-8616B36B8334}
	EndGlobalSection
EndGlobal
