
Microsoft Visual Studio Solution File, Format Version 12.00
# Visual Studio Version 16
VisualStudioVersion = 16.0.29728.190
MinimumVisualStudioVersion = 10.0.40219.1
Project("{9A19103F-16F7-4668-BE54-9A1E7A4F7556}") = "MqttOpcUaBridge", "MqttOpcUaBridge.csproj", "{8F0B274C-9074-4D67-940C-44EC1E1D6F89}"
EndProject
Global
	GlobalSection(SolutionConfigurationPlatforms) = preSolution
		Debug|Any CPU = Debug|Any CPU
		Debug|x86 = Debug|x86
		Release|Any CPU = Release|Any CPU
		Release|x86 = Release|x86
	EndGlobalSection
	GlobalSection(ProjectConfigurationPlatforms) = postSolution
		{8F0B274C-9074-4D67-940C-44EC1E1D6F89}.Debug|Any CPU.ActiveCfg = Debug|Any CPU
		{8F0B274C-9074-4D67-940C-44EC1E1D6F89}.Debug|Any CPU.Build.0 = Debug|Any CPU
		{8F0B274C-9074-4D67-940C-44EC1E1D6F89}.Debug|x86.ActiveCfg = Debug|x86
		{8F0B274C-9074-4D67-940C-44EC1E1D6F89}.Debug|x86.Build.0 = Debug|x86
		{8F0B274C-9074-4D67-940C-44EC1E1D6F89}.Release|Any CPU.ActiveCfg = Release|Any CPU
		{8F0B274C-9074-4D67-940C-44EC1E1D6F89}.Release|Any CPU.Build.0 = Release|Any CPU
		{8F0B274C-9074-4D67-940C-44EC1E1D6F89}.Release|x86.ActiveCfg = Release|x86
		{8F0B274C-9074-4D67-940C-44EC1E1D6F89}.Release|x86.Build.0 = Release|x86
	EndGlobalSection
	GlobalSection(SolutionProperties) = preSolution
		HideSolutionNode = FALSE
	EndGlobalSection
	GlobalSection(ExtensibilityGlobals) = postSolution
		SolutionGuid = {CDF69D93-1A99-4B36-A6D0-94207A44947D}
	EndGlobalSection
EndGlobal
